
Microsoft Visual Studio Solution File, Format Version 12.00
# Visual Studio Version 16
VisualStudioVersion = 16.0.30907.101
MinimumVisualStudioVersion = 10.0.40219.1
Project("{FAE04EC0-301F-11D3-BF4B-00C04F79EFBC}") = "PecTec.Riot.LoL", "PecTec.Riot.LoL\PecTec.Riot.LoL.csproj", "{63695E49-D785-49CA-9695-D4E0BABDEED2}"
EndProject
Project("{FAE04EC0-301F-11D3-BF4B-00C04F79EFBC}") = "PecTec.Riot.Core", "PecTec.Riot.Core\PecTec.Riot.Core.csproj", "{E9A3647E-C4BF-47C0-9280-9F318D0FF2F7}"
EndProject
Global
	GlobalSection(SolutionConfigurationPlatforms) = preSolution
		Debug|Any CPU = Debug|Any CPU
		Release|Any CPU = Release|Any CPU
	EndGlobalSection
	GlobalSection(ProjectConfigurationPlatforms) = postSolution
		{63695E49-D785-49CA-9695-D4E0BABDEED2}.Debug|Any CPU.ActiveCfg = Debug|Any CPU
		{63695E49-D785-49CA-9695-D4E0BABDEED2}.Debug|Any CPU.Build.0 = Debug|Any CPU
		{63695E49-D785-49CA-9695-D4E0BABDEED2}.Release|Any CPU.ActiveCfg = Release|Any CPU
		{63695E49-D785-49CA-9695-D4E0BABDEED2}.Release|Any CPU.Build.0 = Release|Any CPU
		{E9A3647E-C4BF-47C0-9280-9F318D0FF2F7}.Debug|Any CPU.ActiveCfg = Debug|Any CPU
		{E9A3647E-C4BF-47C0-9280-9F318D0FF2F7}.Debug|Any CPU.Build.0 = Debug|Any CPU
		{E9A3647E-C4BF-47C0-9280-9F318D0FF2F7}.Release|Any CPU.ActiveCfg = Release|Any CPU
		{E9A3647E-C4BF-47C0-9280-9F318D0FF2F7}.Release|Any CPU.Build.0 = Release|Any CPU
	EndGlobalSection
	GlobalSection(SolutionProperties) = preSolution
		HideSolutionNode = FALSE
	EndGlobalSection
	GlobalSection(ExtensibilityGlobals) = postSolution
		SolutionGuid = {D04784F6-547B-417F-BA30-1573E9BFD0CF}
	EndGlobalSection
EndGlobal
